
Microsoft Visual Studio Solution File, Format Version 12.00
# Visual Studio 2013
VisualStudioVersion = 12.0.21005.1
MinimumVisualStudioVersion = 10.0.40219.1
Project("{FAE04EC0-301F-11D3-BF4B-00C04F79EFBC}") = "CodingTest", "CodingTest\CodingTest.csproj", "{A26611FD-B539-47FE-A071-69C62D7996AF}"
EndProject
Global
	GlobalSection(SolutionConfigurationPlatforms) = preSolution
		Debug|Any CPU = Debug|Any CPU
		Release|Any CPU = Release|Any CPU
	EndGlobalSection
	GlobalSection(ProjectConfigurationPlatforms) = postSolution
		{A26611FD-B539-47FE-A071-69C62D7996AF}.Debug|Any CPU.ActiveCfg = Debug|Any CPU
		{A26611FD-B539-47FE-A071-69C62D7996AF}.Debug|Any CPU.Build.0 = Debug|Any CPU
		{A26611FD-B539-47FE-A071-69C62D7996AF}.Release|Any CPU.ActiveCfg = Release|Any CPU
		{A26611FD-B539-47FE-A071-69C62D7996AF}.Release|Any CPU.Build.0 = Release|Any CPU
	EndGlobalSection
	GlobalSection(SolutionProperties) = preSolution
		HideSolutionNode = FALSE
	EndGlobalSection
EndGlobal
